// !$*UTF8*$!
{
	archiveVersion = 1;
	classes = {
	};
	objectVersion = 56;
	objects = {

/* Begin PBXBuildFile section */
		1E3E6F662C3AC7AA000FC339 /* SwiftUIProjectApp.swift in Sources */ = {isa = PBXBuildFile; fileRef = 1E3E6F652C3AC7AA000FC339 /* SwiftUIProjectApp.swift */; };
		1E3E6F682C3AC7AA000FC339 /* ContentView.swift in Sources */ = {isa = PBXBuildFile; fileRef = 1E3E6F672C3AC7AA000FC339 /* ContentView.swift */; };
		1E3E6F6A2C3AC7AB000FC339 /* Assets.xcassets in Resources */ = {isa = PBXBuildFile; fileRef = 1E3E6F692C3AC7AB000FC339 /* Assets.xcassets */; };
		1E3E6F6D2C3AC7AB000FC339 /* Preview Assets.xcassets in Resources */ = {isa = PBXBuildFile; fileRef = 1E3E6F6C2C3AC7AB000FC339 /* Preview Assets.xcassets */; };
		1E88E41C2C441A700032B973 /* IMCView.swift in Sources */ = {isa = PBXBuildFile; fileRef = 1E88E41B2C441A700032B973 /* IMCView.swift */; };
		1E88E41F2C44241E0032B973 /* InformationTextView.swift in Sources */ = {isa = PBXBuildFile; fileRef = 1E88E41E2C44241E0032B973 /* InformationTextView.swift */; };
		1E88E4212C4425EB0032B973 /* ToggleButtonView.swift in Sources */ = {isa = PBXBuildFile; fileRef = 1E88E4202C4425EB0032B973 /* ToggleButtonView.swift */; };
		1E88E4232C442C990032B973 /* HeightCalculatorView.swift in Sources */ = {isa = PBXBuildFile; fileRef = 1E88E4222C442C990032B973 /* HeightCalculatorView.swift */; };
		1E88E4252C442D660032B973 /* TitleTextView.swift in Sources */ = {isa = PBXBuildFile; fileRef = 1E88E4242C442D660032B973 /* TitleTextView.swift */; };
		1E88E4272C4479330032B973 /* CounterButtonView.swift in Sources */ = {isa = PBXBuildFile; fileRef = 1E88E4262C4479330032B973 /* CounterButtonView.swift */; };
		1E88E4292C44839D0032B973 /* IMCCalculateButtonView.swift in Sources */ = {isa = PBXBuildFile; fileRef = 1E88E4282C44839D0032B973 /* IMCCalculateButtonView.swift */; };
		1E88E42B2C47313F0032B973 /* IMCResultView.swift in Sources */ = {isa = PBXBuildFile; fileRef = 1E88E42A2C47313F0032B973 /* IMCResultView.swift */; };
		1E88E42D2C4736A90032B973 /* InformationResultView.swift in Sources */ = {isa = PBXBuildFile; fileRef = 1E88E42C2C4736A90032B973 /* InformationResultView.swift */; };
/* End PBXBuildFile section */

/* Begin PBXFileReference section */
		1E3E6F622C3AC7AA000FC339 /* SwiftUIProject.app */ = {isa = PBXFileReference; explicitFileType = wrapper.application; includeInIndex = 0; path = SwiftUIProject.app; sourceTree = BUILT_PRODUCTS_DIR; };
		1E3E6F652C3AC7AA000FC339 /* SwiftUIProjectApp.swift */ = {isa = PBXFileReference; lastKnownFileType = sourcecode.swift; path = SwiftUIProjectApp.swift; sourceTree = "<group>"; };
		1E3E6F672C3AC7AA000FC339 /* ContentView.swift */ = {isa = PBXFileReference; lastKnownFileType = sourcecode.swift; path = ContentView.swift; sourceTree = "<group>"; };
		1E3E6F692C3AC7AB000FC339 /* Assets.xcassets */ = {isa = PBXFileReference; lastKnownFileType = folder.assetcatalog; path = Assets.xcassets; sourceTree = "<group>"; };
		1E3E6F6C2C3AC7AB000FC339 /* Preview Assets.xcassets */ = {isa = PBXFileReference; lastKnownFileType = folder.assetcatalog; path = "Preview Assets.xcassets"; sourceTree = "<group>"; };
		1E88E41B2C441A700032B973 /* IMCView.swift */ = {isa = PBXFileReference; lastKnownFileType = sourcecode.swift; path = IMCView.swift; sourceTree = "<group>"; };
		1E88E41E2C44241E0032B973 /* InformationTextView.swift */ = {isa = PBXFileReference; lastKnownFileType = sourcecode.swift; path = InformationTextView.swift; sourceTree = "<group>"; };
		1E88E4202C4425EB0032B973 /* ToggleButtonView.swift */ = {isa = PBXFileReference; lastKnownFileType = sourcecode.swift; path = ToggleButtonView.swift; sourceTree = "<group>"; };
		1E88E4222C442C990032B973 /* HeightCalculatorView.swift */ = {isa = PBXFileReference; lastKnownFileType = sourcecode.swift; path = HeightCalculatorView.swift; sourceTree = "<group>"; };
		1E88E4242C442D660032B973 /* TitleTextView.swift */ = {isa = PBXFileReference; lastKnownFileType = sourcecode.swift; path = TitleTextView.swift; sourceTree = "<group>"; };
		1E88E4262C4479330032B973 /* CounterButtonView.swift */ = {isa = PBXFileReference; lastKnownFileType = sourcecode.swift; path = CounterButtonView.swift; sourceTree = "<group>"; };
		1E88E4282C44839D0032B973 /* IMCCalculateButtonView.swift */ = {isa = PBXFileReference; lastKnownFileType = sourcecode.swift; path = IMCCalculateButtonView.swift; sourceTree = "<group>"; };
		1E88E42A2C47313F0032B973 /* IMCResultView.swift */ = {isa = PBXFileReference; lastKnownFileType = sourcecode.swift; path = IMCResultView.swift; sourceTree = "<group>"; };
		1E88E42C2C4736A90032B973 /* InformationResultView.swift */ = {isa = PBXFileReference; lastKnownFileType = sourcecode.swift; path = InformationResultView.swift; sourceTree = "<group>"; };
/* End PBXFileReference section */

/* Begin PBXFrameworksBuildPhase section */
		1E3E6F5F2C3AC7AA000FC339 /* Frameworks */ = {
			isa = PBXFrameworksBuildPhase;
			buildActionMask = 2147483647;
			files = (
			);
			runOnlyForDeploymentPostprocessing = 0;
		};
/* End PBXFrameworksBuildPhase section */

/* Begin PBXGroup section */
		1E3E6F592C3AC7AA000FC339 = {
			isa = PBXGroup;
			children = (
				1E3E6F642C3AC7AA000FC339 /* SwiftUIProject */,
				1E3E6F632C3AC7AA000FC339 /* Products */,
			);
			sourceTree = "<group>";
		};
		1E3E6F632C3AC7AA000FC339 /* Products */ = {
			isa = PBXGroup;
			children = (
				1E3E6F622C3AC7AA000FC339 /* SwiftUIProject.app */,
			);
			name = Products;
			sourceTree = "<group>";
		};
		1E3E6F642C3AC7AA000FC339 /* SwiftUIProject */ = {
			isa = PBXGroup;
			children = (
				1E88E41D2C4423FF0032B973 /* Components */,
				1E3E6F652C3AC7AA000FC339 /* SwiftUIProjectApp.swift */,
				1E3E6F672C3AC7AA000FC339 /* ContentView.swift */,
				1E3E6F692C3AC7AB000FC339 /* Assets.xcassets */,
				1E3E6F6B2C3AC7AB000FC339 /* Preview Content */,
				1E88E41B2C441A700032B973 /* IMCView.swift */,
				1E88E42A2C47313F0032B973 /* IMCResultView.swift */,
			);
			path = SwiftUIProject;
			sourceTree = "<group>";
		};
		1E3E6F6B2C3AC7AB000FC339 /* Preview Content */ = {
			isa = PBXGroup;
			children = (
				1E3E6F6C2C3AC7AB000FC339 /* Preview Assets.xcassets */,
			);
			path = "Preview Content";
			sourceTree = "<group>";
		};
		1E88E41D2C4423FF0032B973 /* Components */ = {
			isa = PBXGroup;
			children = (
				1E88E41E2C44241E0032B973 /* InformationTextView.swift */,
				1E88E4202C4425EB0032B973 /* ToggleButtonView.swift */,
				1E88E4222C442C990032B973 /* HeightCalculatorView.swift */,
				1E88E4242C442D660032B973 /* TitleTextView.swift */,
				1E88E4262C4479330032B973 /* CounterButtonView.swift */,
				1E88E4282C44839D0032B973 /* IMCCalculateButtonView.swift */,
				1E88E42C2C4736A90032B973 /* InformationResultView.swift */,
			);
			path = Components;
			sourceTree = "<group>";
		};
/* End PBXGroup section */

/* Begin PBXNativeTarget section */
		1E3E6F612C3AC7AA000FC339 /* SwiftUIProject */ = {
			isa = PBXNativeTarget;
			buildConfigurationList = 1E3E6F702C3AC7AB000FC339 /* Build configuration list for PBXNativeTarget "SwiftUIProject" */;
			buildPhases = (
				1E3E6F5E2C3AC7AA000FC339 /* Sources */,
				1E3E6F5F2C3AC7AA000FC339 /* Frameworks */,
				1E3E6F602C3AC7AA000FC339 /* Resources */,
			);
			buildRules = (
			);
			dependencies = (
			);
			name = SwiftUIProject;
			productName = SwiftUIProject;
			productReference = 1E3E6F622C3AC7AA000FC339 /* SwiftUIProject.app */;
			productType = "com.apple.product-type.application";
		};
/* End PBXNativeTarget section */

/* Begin PBXProject section */
		1E3E6F5A2C3AC7AA000FC339 /* Project object */ = {
			isa = PBXProject;
			attributes = {
				BuildIndependentTargetsInParallel = 1;
				LastSwiftUpdateCheck = 1500;
				LastUpgradeCheck = 1500;
				TargetAttributes = {
					1E3E6F612C3AC7AA000FC339 = {
						CreatedOnToolsVersion = 15.0;
					};
				};
			};
			buildConfigurationList = 1E3E6F5D2C3AC7AA000FC339 /* Build configuration list for PBXProject "SwiftUIProject" */;
			compatibilityVersion = "Xcode 14.0";
			developmentRegion = en;
			hasScannedForEncodings = 0;
			knownRegions = (
				en,
				Base,
			);
			mainGroup = 1E3E6F592C3AC7AA000FC339;
			productRefGroup = 1E3E6F632C3AC7AA000FC339 /* Products */;
			projectDirPath = "";
			projectRoot = "";
			targets = (
				1E3E6F612C3AC7AA000FC339 /* SwiftUIProject */,
			);
		};
/* End PBXProject section */

/* Begin PBXResourcesBuildPhase section */
		1E3E6F602C3AC7AA000FC339 /* Resources */ = {
			isa = PBXResourcesBuildPhase;
			buildActionMask = 2147483647;
			files = (
				1E3E6F6D2C3AC7AB000FC339 /* Preview Assets.xcassets in Resources */,
				1E3E6F6A2C3AC7AB000FC339 /* Assets.xcassets in Resources */,
			);
			runOnlyForDeploymentPostprocessing = 0;
		};
/* End PBXResourcesBuildPhase section */

/* Begin PBXSourcesBuildPhase section */
		1E3E6F5E2C3AC7AA000FC339 /* Sources */ = {
			isa = PBXSourcesBuildPhase;
			buildActionMask = 2147483647;
			files = (
				1E3E6F682C3AC7AA000FC339 /* ContentView.swift in Sources */,
				1E88E4292C44839D0032B973 /* IMCCalculateButtonView.swift in Sources */,
				1E88E4272C4479330032B973 /* CounterButtonView.swift in Sources */,
				1E88E4212C4425EB0032B973 /* ToggleButtonView.swift in Sources */,
				1E88E41C2C441A700032B973 /* IMCView.swift in Sources */,
				1E88E42D2C4736A90032B973 /* InformationResultView.swift in Sources */,
				1E88E42B2C47313F0032B973 /* IMCResultView.swift in Sources */,
				1E88E41F2C44241E0032B973 /* InformationTextView.swift in Sources */,
				1E88E4252C442D660032B973 /* TitleTextView.swift in Sources */,
				1E3E6F662C3AC7AA000FC339 /* SwiftUIProjectApp.swift in Sources */,
				1E88E4232C442C990032B973 /* HeightCalculatorView.swift in Sources */,
			);
			runOnlyForDeploymentPostprocessing = 0;
		};
/* End PBXSourcesBuildPhase section */

/* Begin XCBuildConfiguration section */
		1E3E6F6E2C3AC7AB000FC339 /* Debug */ = {
			isa = XCBuildConfiguration;
			buildSettings = {
				ALWAYS_SEARCH_USER_PATHS = NO;
				ASSETCATALOG_COMPILER_GENERATE_SWIFT_ASSET_SYMBOL_EXTENSIONS = YES;
				CLANG_ANALYZER_NONNULL = YES;
				CLANG_ANALYZER_NUMBER_OBJECT_CONVERSION = YES_AGGRESSIVE;
				CLANG_CXX_LANGUAGE_STANDARD = "gnu++20";
				CLANG_ENABLE_MODULES = YES;
				CLANG_ENABLE_OBJC_ARC = YES;
				CLANG_ENABLE_OBJC_WEAK = YES;
				CLANG_WARN_BLOCK_CAPTURE_AUTORELEASING = YES;
				CLANG_WARN_BOOL_CONVERSION = YES;
				CLANG_WARN_COMMA = YES;
				CLANG_WARN_CONSTANT_CONVERSION = YES;
				CLANG_WARN_DEPRECATED_OBJC_IMPLEMENTATIONS = YES;
				CLANG_WARN_DIRECT_OBJC_ISA_USAGE = YES_ERROR;
				CLANG_WARN_DOCUMENTATION_COMMENTS = YES;
				CLANG_WARN_EMPTY_BODY = YES;
				CLANG_WARN_ENUM_CONVERSION = YES;
				CLANG_WARN_INFINITE_RECURSION = YES;
				CLANG_WARN_INT_CONVERSION = YES;
				CLANG_WARN_NON_LITERAL_NULL_CONVERSION = YES;
				CLANG_WARN_OBJC_IMPLICIT_RETAIN_SELF = YES;
				CLANG_WARN_OBJC_LITERAL_CONVERSION = YES;
				CLANG_WARN_OBJC_ROOT_CLASS = YES_ERROR;
				CLANG_WARN_QUOTED_INCLUDE_IN_FRAMEWORK_HEADER = YES;
				CLANG_WARN_RANGE_LOOP_ANALYSIS = YES;
				CLANG_WARN_STRICT_PROTOTYPES = YES;
				CLANG_WARN_SUSPICIOUS_MOVE = YES;
				CLANG_WARN_UNGUARDED_AVAILABILITY = YES_AGGRESSIVE;
				CLANG_WARN_UNREACHABLE_CODE = YES;
				CLANG_WARN__DUPLICATE_METHOD_MATCH = YES;
				COPY_PHASE_STRIP = NO;
				DEBUG_INFORMATION_FORMAT = dwarf;
				ENABLE_STRICT_OBJC_MSGSEND = YES;
				ENABLE_TESTABILITY = YES;
				ENABLE_USER_SCRIPT_SANDBOXING = YES;
				GCC_C_LANGUAGE_STANDARD = gnu17;
				GCC_DYNAMIC_NO_PIC = NO;
				GCC_NO_COMMON_BLOCKS = YES;
				GCC_OPTIMIZATION_LEVEL = 0;
				GCC_PREPROCESSOR_DEFINITIONS = (
					"DEBUG=1",
					"$(inherited)",
				);
				GCC_WARN_64_TO_32_BIT_CONVERSION = YES;
				GCC_WARN_ABOUT_RETURN_TYPE = YES_ERROR;
				GCC_WARN_UNDECLARED_SELECTOR = YES;
				GCC_WARN_UNINITIALIZED_AUTOS = YES_AGGRESSIVE;
				GCC_WARN_UNUSED_FUNCTION = YES;
				GCC_WARN_UNUSED_VARIABLE = YES;
				IPHONEOS_DEPLOYMENT_TARGET = 17.0;
				LOCALIZATION_PREFERS_STRING_CATALOGS = YES;
				MTL_ENABLE_DEBUG_INFO = INCLUDE_SOURCE;
				MTL_FAST_MATH = YES;
				ONLY_ACTIVE_ARCH = YES;
				SDKROOT = iphoneos;
				SWIFT_ACTIVE_COMPILATION_CONDITIONS = "DEBUG $(inherited)";
				SWIFT_OPTIMIZATION_LEVEL = "-Onone";
			};
			name = Debug;
		};
		1E3E6F6F2C3AC7AB000FC339 /* Release */ = {
			isa = XCBuildConfiguration;
			buildSettings = {
				ALWAYS_SEARCH_USER_PATHS = NO;
				ASSETCATALOG_COMPILER_GENERATE_SWIFT_ASSET_SYMBOL_EXTENSIONS = YES;
				CLANG_ANALYZER_NONNULL = YES;
				CLANG_ANALYZER_NUMBER_OBJECT_CONVERSION = YES_AGGRESSIVE;
				CLANG_CXX_LANGUAGE_STANDARD = "gnu++20";
				CLANG_ENABLE_MODULES = YES;
				CLANG_ENABLE_OBJC_ARC = YES;
				CLANG_ENABLE_OBJC_WEAK = YES;
				CLANG_WARN_BLOCK_CAPTURE_AUTORELEASING = YES;
				CLANG_WARN_BOOL_CONVERSION = YES;
				CLANG_WARN_COMMA = YES;
				CLANG_WARN_CONSTANT_CONVERSION = YES;
				CLANG_WARN_DEPRECATED_OBJC_IMPLEMENTATIONS = YES;
				CLANG_WARN_DIRECT_OBJC_ISA_USAGE = YES_ERROR;
				CLANG_WARN_DOCUMENTATION_COMMENTS = YES;
				CLANG_WARN_EMPTY_BODY = YES;
				CLANG_WARN_ENUM_CONVERSION = YES;
				CLANG_WARN_INFINITE_RECURSION = YES;
				CLANG_WARN_INT_CONVERSION = YES;
				CLANG_WARN_NON_LITERAL_NULL_CONVERSION = YES;
				CLANG_WARN_OBJC_IMPLICIT_RETAIN_SELF = YES;
				CLANG_WARN_OBJC_LITERAL_CONVERSION = YES;
				CLANG_WARN_OBJC_ROOT_CLASS = YES_ERROR;
				CLANG_WARN_QUOTED_INCLUDE_IN_FRAMEWORK_HEADER = YES;
				CLANG_WARN_RANGE_LOOP_ANALYSIS = YES;
				CLANG_WARN_STRICT_PROTOTYPES = YES;
				CLANG_WARN_SUSPICIOUS_MOVE = YES;
				CLANG_WARN_UNGUARDED_AVAILABILITY = YES_AGGRESSIVE;
				CLANG_WARN_UNREACHABLE_CODE = YES;
				CLANG_WARN__DUPLICATE_METHOD_MATCH = YES;
				COPY_PHASE_STRIP = NO;
				DEBUG_INFORMATION_FORMAT = "dwarf-with-dsym";
				ENABLE_NS_ASSERTIONS = NO;
				ENABLE_STRICT_OBJC_MSGSEND = YES;
				ENABLE_USER_SCRIPT_SANDBOXING = YES;
				GCC_C_LANGUAGE_STANDARD = gnu17;
				GCC_NO_COMMON_BLOCKS = YES;
				GCC_WARN_64_TO_32_BIT_CONVERSION = YES;
				GCC_WARN_ABOUT_RETURN_TYPE = YES_ERROR;
				GCC_WARN_UNDECLARED_SELECTOR = YES;
				GCC_WARN_UNINITIALIZED_AUTOS = YES_AGGRESSIVE;
				GCC_WARN_UNUSED_FUNCTION = YES;
				GCC_WARN_UNUSED_VARIABLE = YES;
				IPHONEOS_DEPLOYMENT_TARGET = 17.0;
				LOCALIZATION_PREFERS_STRING_CATALOGS = YES;
				MTL_ENABLE_DEBUG_INFO = NO;
				MTL_FAST_MATH = YES;
				SDKROOT = iphoneos;
				SWIFT_COMPILATION_MODE = wholemodule;
				VALIDATE_PRODUCT = YES;
			};
			name = Release;
		};
		1E3E6F712C3AC7AB000FC339 /* Debug */ = {
			isa = XCBuildConfiguration;
			buildSettings = {
				ASSETCATALOG_COMPILER_APPICON_NAME = AppIcon;
				ASSETCATALOG_COMPILER_GLOBAL_ACCENT_COLOR_NAME = AccentColor;
				CODE_SIGN_STYLE = Automatic;
				CURRENT_PROJECT_VERSION = 1;
				DEVELOPMENT_ASSET_PATHS = "\"SwiftUIProject/Preview Content\"";
				DEVELOPMENT_TEAM = 5QYF925T95;
				ENABLE_PREVIEWS = YES;
				GENERATE_INFOPLIST_FILE = YES;
				INFOPLIST_KEY_UIApplicationSceneManifest_Generation = YES;
				INFOPLIST_KEY_UIApplicationSupportsIndirectInputEvents = YES;
				INFOPLIST_KEY_UILaunchScreen_Generation = YES;
				INFOPLIST_KEY_UISupportedInterfaceOrientations_iPad = "UIInterfaceOrientationPortrait UIInterfaceOrientationPortraitUpsideDown UIInterfaceOrientationLandscapeLeft UIInterfaceOrientationLandscapeRight";
				INFOPLIST_KEY_UISupportedInterfaceOrientations_iPhone = "UIInterfaceOrientationPortrait UIInterfaceOrientationLandscapeLeft UIInterfaceOrientationLandscapeRight";
				LD_RUNPATH_SEARCH_PATHS = (
					"$(inherited)",
					"@executable_path/Frameworks",
				);
				MARKETING_VERSION = 1.0;
				PRODUCT_BUNDLE_IDENTIFIER = test.SwiftUIProject;
				PRODUCT_NAME = "$(TARGET_NAME)";
				SWIFT_EMIT_LOC_STRINGS = YES;
				SWIFT_VERSION = 5.0;
				TARGETED_DEVICE_FAMILY = "1,2";
			};
			name = Debug;
		};
		1E3E6F722C3AC7AB000FC339 /* Release */ = {
			isa = XCBuildConfiguration;
			buildSettings = {
				ASSETCATALOG_COMPILER_APPICON_NAME = AppIcon;
				ASSETCATALOG_COMPILER_GLOBAL_ACCENT_COLOR_NAME = AccentColor;
				CODE_SIGN_STYLE = Automatic;
				CURRENT_PROJECT_VERSION = 1;
				DEVELOPMENT_ASSET_PATHS = "\"SwiftUIProject/Preview Content\"";
				DEVELOPMENT_TEAM = 5QYF925T95;
				ENABLE_PREVIEWS = YES;
				GENERATE_INFOPLIST_FILE = YES;
				INFOPLIST_KEY_UIApplicationSceneManifest_Generation = YES;
				INFOPLIST_KEY_UIApplicationSupportsIndirectInputEvents = YES;
				INFOPLIST_KEY_UILaunchScreen_Generation = YES;
				INFOPLIST_KEY_UISupportedInterfaceOrientations_iPad = "UIInterfaceOrientationPortrait UIInterfaceOrientationPortraitUpsideDown UIInterfaceOrientationLandscapeLeft UIInterfaceOrientationLandscapeRight";
				INFOPLIST_KEY_UISupportedInterfaceOrientations_iPhone = "UIInterfaceOrientationPortrait UIInterfaceOrientationLandscapeLeft UIInterfaceOrientationLandscapeRight";
				LD_RUNPATH_SEARCH_PATHS = (
					"$(inherited)",
					"@executable_path/Frameworks",
				);
				MARKETING_VERSION = 1.0;
				PRODUCT_BUNDLE_IDENTIFIER = test.SwiftUIProject;
				PRODUCT_NAME = "$(TARGET_NAME)";
				SWIFT_EMIT_LOC_STRINGS = YES;
				SWIFT_VERSION = 5.0;
				TARGETED_DEVICE_FAMILY = "1,2";
			};
			name = Release;
		};
/* End XCBuildConfiguration section */

/* Begin XCConfigurationList section */
		1E3E6F5D2C3AC7AA000FC339 /* Build configuration list for PBXProject "SwiftUIProject" */ = {
			isa = XCConfigurationList;
			buildConfigurations = (
				1E3E6F6E2C3AC7AB000FC339 /* Debug */,
				1E3E6F6F2C3AC7AB000FC339 /* Release */,
			);
			defaultConfigurationIsVisible = 0;
			defaultConfigurationName = Release;
		};
		1E3E6F702C3AC7AB000FC339 /* Build configuration list for PBXNativeTarget "SwiftUIProject" */ = {
			isa = XCConfigurationList;
			buildConfigurations = (
				1E3E6F712C3AC7AB000FC339 /* Debug */,
				1E3E6F722C3AC7AB000FC339 /* Release */,
			);
			defaultConfigurationIsVisible = 0;
			defaultConfigurationName = Release;
		};
/* End XCConfigurationList section */
	};
	rootObject = 1E3E6F5A2C3AC7AA000FC339 /* Project object */;
}
